
Microsoft Visual Studio Solution File, Format Version 12.00
# Visual Studio Version 16
VisualStudioVersion = 16.0.29025.244
MinimumVisualStudioVersion = 10.0.40219.1
Project("{FAE04EC0-301F-11D3-BF4B-00C04F79EFBC}") = "Lab29", "Lab29\Lab29.csproj", "{FDC71762-D397-4229-AB87-A635317B0572}"
EndProject
Global
	GlobalSection(SolutionConfigurationPlatforms) = preSolution
		Debug|Any CPU = Debug|Any CPU
		Release|Any CPU = Release|Any CPU
	EndGlobalSection
	GlobalSection(ProjectConfigurationPlatforms) = postSolution
		{FDC71762-D397-4229-AB87-A635317B0572}.Debug|Any CPU.ActiveCfg = Debug|Any CPU
		{FDC71762-D397-4229-AB87-A635317B0572}.Debug|Any CPU.Build.0 = Debug|Any CPU
		{FDC71762-D397-4229-AB87-A635317B0572}.Release|Any CPU.ActiveCfg = Release|Any CPU
		{FDC71762-D397-4229-AB87-A635317B0572}.Release|Any CPU.Build.0 = Release|Any CPU
	EndGlobalSection
	GlobalSection(SolutionProperties) = preSolution
		HideSolutionNode = FALSE
	EndGlobalSection
	GlobalSection(ExtensibilityGlobals) = postSolution
		SolutionGuid = {99004793-26BC-4EF6-A687-5C9FE8166E9D}
	EndGlobalSection
EndGlobal
